
Microsoft Visual Studio Solution File, Format Version 12.00
# Visual Studio Version 16
VisualStudioVersion = 16.0.30523.141
MinimumVisualStudioVersion = 10.0.40219.1
Project("{FAE04EC0-301F-11D3-BF4B-00C04F79EFBC}") = "TestClone", "TestClone\TestClone.csproj", "{1071255D-54EF-4D49-A33A-10C61A91DE96}"
EndProject
Global
	GlobalSection(SolutionConfigurationPlatforms) = preSolution
		Debug|Any CPU = Debug|Any CPU
		Release|Any CPU = Release|Any CPU
	EndGlobalSection
	GlobalSection(ProjectConfigurationPlatforms) = postSolution
		{1071255D-54EF-4D49-A33A-10C61A91DE96}.Debug|Any CPU.ActiveCfg = Debug|Any CPU
		{1071255D-54EF-4D49-A33A-10C61A91DE96}.Debug|Any CPU.Build.0 = Debug|Any CPU
		{1071255D-54EF-4D49-A33A-10C61A91DE96}.Release|Any CPU.ActiveCfg = Release|Any CPU
		{1071255D-54EF-4D49-A33A-10C61A91DE96}.Release|Any CPU.Build.0 = Release|Any CPU
	EndGlobalSection
	GlobalSection(SolutionProperties) = preSolution
		HideSolutionNode = FALSE
	EndGlobalSection
	GlobalSection(ExtensibilityGlobals) = postSolution
		SolutionGuid = {E83CA37D-3DDC-4991-8197-1CE19C50FF40}
	EndGlobalSection
EndGlobal
